
Microsoft Visual Studio Solution File, Format Version 12.00
# Visual Studio Version 16
VisualStudioVersion = 16.0.30011.22
MinimumVisualStudioVersion = 10.0.40219.1
Project("{FAE04EC0-301F-11D3-BF4B-00C04F79EFBC}") = "Challenges", "Challenges\Challenges.csproj", "{3BBA3BE4-4B3D-4C5C-83A5-8DB249A875C0}"
EndProject
Global
	GlobalSection(SolutionConfigurationPlatforms) = preSolution
		Debug|Any CPU = Debug|Any CPU
		Release|Any CPU = Release|Any CPU
	EndGlobalSection
	GlobalSection(ProjectConfigurationPlatforms) = postSolution
		{3BBA3BE4-4B3D-4C5C-83A5-8DB249A875C0}.Debug|Any CPU.ActiveCfg = Debug|Any CPU
		{3BBA3BE4-4B3D-4C5C-83A5-8DB249A875C0}.Debug|Any CPU.Build.0 = Debug|Any CPU
		{3BBA3BE4-4B3D-4C5C-83A5-8DB249A875C0}.Release|Any CPU.ActiveCfg = Release|Any CPU
		{3BBA3BE4-4B3D-4C5C-83A5-8DB249A875C0}.Release|Any CPU.Build.0 = Release|Any CPU
	EndGlobalSection
	GlobalSection(SolutionProperties) = preSolution
		HideSolutionNode = FALSE
	EndGlobalSection
	GlobalSection(ExtensibilityGlobals) = postSolution
		SolutionGuid = {63AE4B14-41C9-4B76-86CC-33B774B3578F}
	EndGlobalSection
EndGlobal
